
Microsoft Visual Studio Solution File, Format Version 12.00
# Visual Studio 2012
Project("{F184B08F-C81C-45F6-A57F-5ABD9991F28F}") = "SAPP", "SAPP\SAPP.vbproj", "{26C626FC-3D2C-4912-B1AB-576E8086FEA3}"
EndProject
Global
	GlobalSection(SolutionConfigurationPlatforms) = preSolution
		Debug|Any CPU = Debug|Any CPU
		Release|Any CPU = Release|Any CPU
	EndGlobalSection
	GlobalSection(ProjectConfigurationPlatforms) = postSolution
		{26C626FC-3D2C-4912-B1AB-576E8086FEA3}.Debug|Any CPU.ActiveCfg = Debug|Any CPU
		{26C626FC-3D2C-4912-B1AB-576E8086FEA3}.Debug|Any CPU.Build.0 = Debug|Any CPU
		{26C626FC-3D2C-4912-B1AB-576E8086FEA3}.Release|Any CPU.ActiveCfg = Release|Any CPU
		{26C626FC-3D2C-4912-B1AB-576E8086FEA3}.Release|Any CPU.Build.0 = Release|Any CPU
	EndGlobalSection
	GlobalSection(SolutionProperties) = preSolution
		HideSolutionNode = FALSE
	EndGlobalSection
EndGlobal
